// !$*UTF8*$!
{
	archiveVersion = 1;
	classes = {
	};
	objectVersion = 50;
	objects = {

/* Begin PBXBuildFile section */
		4A454B0B26AF40A300DE4C7A /* NameAndPhotoCell.swift in Sources */ = {isa = PBXBuildFile; fileRef = 4A454B0926AF40A300DE4C7A /* NameAndPhotoCell.swift */; };
		4A454B0C26AF40A300DE4C7A /* NameAndPhotoCell.xib in Resources */ = {isa = PBXBuildFile; fileRef = 4A454B0A26AF40A300DE4C7A /* NameAndPhotoCell.xib */; };
		4A454B0F26AF476600DE4C7A /* AttributeCell.swift in Sources */ = {isa = PBXBuildFile; fileRef = 4A454B0D26AF476600DE4C7A /* AttributeCell.swift */; };
		4A454B1026AF476600DE4C7A /* AttributeCell.xib in Resources */ = {isa = PBXBuildFile; fileRef = 4A454B0E26AF476600DE4C7A /* AttributeCell.xib */; };
		4A454B1326AF489E00DE4C7A /* EmailCell.swift in Sources */ = {isa = PBXBuildFile; fileRef = 4A454B1126AF489E00DE4C7A /* EmailCell.swift */; };
		4A454B1426AF489E00DE4C7A /* EmailCell.xib in Resources */ = {isa = PBXBuildFile; fileRef = 4A454B1226AF489E00DE4C7A /* EmailCell.xib */; };
		4A7F09F326A4739F00F45792 /* ProfileViewModel.swift in Sources */ = {isa = PBXBuildFile; fileRef = 4A7F09F226A4739F00F45792 /* ProfileViewModel.swift */; };
		4A8E1C1F26A3BD9100DB539F /* AppDelegate.swift in Sources */ = {isa = PBXBuildFile; fileRef = 4A8E1C1E26A3BD9100DB539F /* AppDelegate.swift */; };
		4A8E1C2126A3BD9100DB539F /* SceneDelegate.swift in Sources */ = {isa = PBXBuildFile; fileRef = 4A8E1C2026A3BD9100DB539F /* SceneDelegate.swift */; };
		4A8E1C2326A3BD9100DB539F /* ViewController.swift in Sources */ = {isa = PBXBuildFile; fileRef = 4A8E1C2226A3BD9100DB539F /* ViewController.swift */; };
		4A8E1C2626A3BD9100DB539F /* Main.storyboard in Resources */ = {isa = PBXBuildFile; fileRef = 4A8E1C2426A3BD9100DB539F /* Main.storyboard */; };
		4A8E1C2826A3BD9400DB539F /* Assets.xcassets in Resources */ = {isa = PBXBuildFile; fileRef = 4A8E1C2726A3BD9400DB539F /* Assets.xcassets */; };
		4A8E1C2B26A3BD9400DB539F /* LaunchScreen.storyboard in Resources */ = {isa = PBXBuildFile; fileRef = 4A8E1C2926A3BD9400DB539F /* LaunchScreen.storyboard */; };
		4A8E1C3326A3BFC700DB539F /* Person.json in Resources */ = {isa = PBXBuildFile; fileRef = 4A8E1C3226A3BFC700DB539F /* Person.json */; };
		4A8E1C3526A3C17200DB539F /* Profile.swift in Sources */ = {isa = PBXBuildFile; fileRef = 4A8E1C3426A3C17200DB539F /* Profile.swift */; };
		4A8E1C3726A41EB000DB539F /* DataManager.swift in Sources */ = {isa = PBXBuildFile; fileRef = 4A8E1C3626A41EB000DB539F /* DataManager.swift */; };
		4A9C765626AF97FA00FF130A /* FriendCell.swift in Sources */ = {isa = PBXBuildFile; fileRef = 4A9C765426AF97FA00FF130A /* FriendCell.swift */; };
		4A9C765726AF97FA00FF130A /* FriendCell.xib in Resources */ = {isa = PBXBuildFile; fileRef = 4A9C765526AF97FA00FF130A /* FriendCell.xib */; };
		4A9C765926B04C2000FF130A /* ProfileSectionHeader.swift in Sources */ = {isa = PBXBuildFile; fileRef = 4A9C765826B04C2000FF130A /* ProfileSectionHeader.swift */; };
		4A9C765B26B04D5E00FF130A /* ProfileSectionHeader.xib in Resources */ = {isa = PBXBuildFile; fileRef = 4A9C765A26B04D5E00FF130A /* ProfileSectionHeader.xib */; };
/* End PBXBuildFile section */

/* Begin PBXFileReference section */
		4A454B0926AF40A300DE4C7A /* NameAndPhotoCell.swift */ = {isa = PBXFileReference; lastKnownFileType = sourcecode.swift; path = NameAndPhotoCell.swift; sourceTree = "<group>"; };
		4A454B0A26AF40A300DE4C7A /* NameAndPhotoCell.xib */ = {isa = PBXFileReference; lastKnownFileType = file.xib; path = NameAndPhotoCell.xib; sourceTree = "<group>"; };
		4A454B0D26AF476600DE4C7A /* AttributeCell.swift */ = {isa = PBXFileReference; lastKnownFileType = sourcecode.swift; path = AttributeCell.swift; sourceTree = "<group>"; };
		4A454B0E26AF476600DE4C7A /* AttributeCell.xib */ = {isa = PBXFileReference; lastKnownFileType = file.xib; path = AttributeCell.xib; sourceTree = "<group>"; };
		4A454B1126AF489E00DE4C7A /* EmailCell.swift */ = {isa = PBXFileReference; lastKnownFileType = sourcecode.swift; path = EmailCell.swift; sourceTree = "<group>"; };
		4A454B1226AF489E00DE4C7A /* EmailCell.xib */ = {isa = PBXFileReference; lastKnownFileType = file.xib; path = EmailCell.xib; sourceTree = "<group>"; };
		4A7F09F226A4739F00F45792 /* ProfileViewModel.swift */ = {isa = PBXFileReference; lastKnownFileType = sourcecode.swift; path = ProfileViewModel.swift; sourceTree = "<group>"; };
		4A8E1C1B26A3BD9100DB539F /* PersonalProfile.app */ = {isa = PBXFileReference; explicitFileType = wrapper.application; includeInIndex = 0; path = PersonalProfile.app; sourceTree = BUILT_PRODUCTS_DIR; };
		4A8E1C1E26A3BD9100DB539F /* AppDelegate.swift */ = {isa = PBXFileReference; lastKnownFileType = sourcecode.swift; path = AppDelegate.swift; sourceTree = "<group>"; };
		4A8E1C2026A3BD9100DB539F /* SceneDelegate.swift */ = {isa = PBXFileReference; lastKnownFileType = sourcecode.swift; path = SceneDelegate.swift; sourceTree = "<group>"; };
		4A8E1C2226A3BD9100DB539F /* ViewController.swift */ = {isa = PBXFileReference; lastKnownFileType = sourcecode.swift; path = ViewController.swift; sourceTree = "<group>"; };
		4A8E1C2526A3BD9100DB539F /* Base */ = {isa = PBXFileReference; lastKnownFileType = file.storyboard; name = Base; path = Base.lproj/Main.storyboard; sourceTree = "<group>"; };
		4A8E1C2726A3BD9400DB539F /* Assets.xcassets */ = {isa = PBXFileReference; lastKnownFileType = folder.assetcatalog; path = Assets.xcassets; sourceTree = "<group>"; };
		4A8E1C2A26A3BD9400DB539F /* Base */ = {isa = PBXFileReference; lastKnownFileType = file.storyboard; name = Base; path = Base.lproj/LaunchScreen.storyboard; sourceTree = "<group>"; };
		4A8E1C2C26A3BD9400DB539F /* Info.plist */ = {isa = PBXFileReference; lastKnownFileType = text.plist.xml; path = Info.plist; sourceTree = "<group>"; };
		4A8E1C3226A3BFC700DB539F /* Person.json */ = {isa = PBXFileReference; lastKnownFileType = text.json; path = Person.json; sourceTree = "<group>"; };
		4A8E1C3426A3C17200DB539F /* Profile.swift */ = {isa = PBXFileReference; lastKnownFileType = sourcecode.swift; path = Profile.swift; sourceTree = "<group>"; };
		4A8E1C3626A41EB000DB539F /* DataManager.swift */ = {isa = PBXFileReference; lastKnownFileType = sourcecode.swift; path = DataManager.swift; sourceTree = "<group>"; };
		4A9C765426AF97FA00FF130A /* FriendCell.swift */ = {isa = PBXFileReference; lastKnownFileType = sourcecode.swift; path = FriendCell.swift; sourceTree = "<group>"; };
		4A9C765526AF97FA00FF130A /* FriendCell.xib */ = {isa = PBXFileReference; lastKnownFileType = file.xib; path = FriendCell.xib; sourceTree = "<group>"; };
		4A9C765826B04C2000FF130A /* ProfileSectionHeader.swift */ = {isa = PBXFileReference; lastKnownFileType = sourcecode.swift; path = ProfileSectionHeader.swift; sourceTree = "<group>"; };
		4A9C765A26B04D5E00FF130A /* ProfileSectionHeader.xib */ = {isa = PBXFileReference; lastKnownFileType = file.xib; path = ProfileSectionHeader.xib; sourceTree = "<group>"; };
/* End PBXFileReference section */

/* Begin PBXFrameworksBuildPhase section */
		4A8E1C1826A3BD9100DB539F /* Frameworks */ = {
			isa = PBXFrameworksBuildPhase;
			buildActionMask = 2147483647;
			files = (
			);
			runOnlyForDeploymentPostprocessing = 0;
		};
/* End PBXFrameworksBuildPhase section */

/* Begin PBXGroup section */
		4A0A8A2226AEFC1600ED1AAB /* Source */ = {
			isa = PBXGroup;
			children = (
				4A91409826B080E000B10F8C /* repository */,
				4A8E1C3626A41EB000DB539F /* DataManager.swift */,
				4A8E1C3426A3C17200DB539F /* Profile.swift */,
			);
			path = Source;
			sourceTree = "<group>";
		};
		4A7F09F426A4891800F45792 /* View */ = {
			isa = PBXGroup;
			children = (
				4A8E1C2226A3BD9100DB539F /* ViewController.swift */,
				4A7F09F226A4739F00F45792 /* ProfileViewModel.swift */,
				4A454B0926AF40A300DE4C7A /* NameAndPhotoCell.swift */,
				4A9C765426AF97FA00FF130A /* FriendCell.swift */,
				4A9C765526AF97FA00FF130A /* FriendCell.xib */,
				4A454B0A26AF40A300DE4C7A /* NameAndPhotoCell.xib */,
				4A454B0D26AF476600DE4C7A /* AttributeCell.swift */,
				4A454B0E26AF476600DE4C7A /* AttributeCell.xib */,
				4A454B1126AF489E00DE4C7A /* EmailCell.swift */,
				4A454B1226AF489E00DE4C7A /* EmailCell.xib */,
				4A9C765826B04C2000FF130A /* ProfileSectionHeader.swift */,
				4A9C765A26B04D5E00FF130A /* ProfileSectionHeader.xib */,
			);
			path = View;
			sourceTree = "<group>";
		};
		4A8E1C1226A3BD9100DB539F = {
			isa = PBXGroup;
			children = (
				4A8E1C1D26A3BD9100DB539F /* PersonalProfile */,
				4A8E1C1C26A3BD9100DB539F /* Products */,
			);
			sourceTree = "<group>";
		};
		4A8E1C1C26A3BD9100DB539F /* Products */ = {
			isa = PBXGroup;
			children = (
				4A8E1C1B26A3BD9100DB539F /* PersonalProfile.app */,
			);
			name = Products;
			sourceTree = "<group>";
		};
		4A8E1C1D26A3BD9100DB539F /* PersonalProfile */ = {
			isa = PBXGroup;
			children = (
				4A8E1C1E26A3BD9100DB539F /* AppDelegate.swift */,
				4A8E1C2026A3BD9100DB539F /* SceneDelegate.swift */,
				4A7F09F426A4891800F45792 /* View */,
				4A0A8A2226AEFC1600ED1AAB /* Source */,
				4A8E1C2426A3BD9100DB539F /* Main.storyboard */,
				4A8E1C2726A3BD9400DB539F /* Assets.xcassets */,
				4A8E1C2926A3BD9400DB539F /* LaunchScreen.storyboard */,
				4A8E1C2C26A3BD9400DB539F /* Info.plist */,
			);
			path = PersonalProfile;
			sourceTree = "<group>";
		};
		4A91409826B080E000B10F8C /* repository */ = {
			isa = PBXGroup;
			children = (
				4A8E1C3226A3BFC700DB539F /* Person.json */,
			);
			path = repository;
			sourceTree = "<group>";
		};
/* End PBXGroup section */

/* Begin PBXNativeTarget section */
		4A8E1C1A26A3BD9100DB539F /* PersonalProfile */ = {
			isa = PBXNativeTarget;
			buildConfigurationList = 4A8E1C2F26A3BD9400DB539F /* Build configuration list for PBXNativeTarget "PersonalProfile" */;
			buildPhases = (
				4A8E1C1726A3BD9100DB539F /* Sources */,
				4A8E1C1826A3BD9100DB539F /* Frameworks */,
				4A8E1C1926A3BD9100DB539F /* Resources */,
			);
			buildRules = (
			);
			dependencies = (
			);
			name = PersonalProfile;
			productName = MultiDataSourceTable;
			productReference = 4A8E1C1B26A3BD9100DB539F /* PersonalProfile.app */;
			productType = "com.apple.product-type.application";
		};
/* End PBXNativeTarget section */

/* Begin PBXProject section */
		4A8E1C1326A3BD9100DB539F /* Project object */ = {
			isa = PBXProject;
			attributes = {
				LastSwiftUpdateCheck = 1250;
				LastUpgradeCheck = 1250;
				TargetAttributes = {
					4A8E1C1A26A3BD9100DB539F = {
						CreatedOnToolsVersion = 12.5.1;
					};
				};
			};
			buildConfigurationList = 4A8E1C1626A3BD9100DB539F /* Build configuration list for PBXProject "PersonalProfile" */;
			compatibilityVersion = "Xcode 9.3";
			developmentRegion = en;
			hasScannedForEncodings = 0;
			knownRegions = (
				en,
				Base,
			);
			mainGroup = 4A8E1C1226A3BD9100DB539F;
			productRefGroup = 4A8E1C1C26A3BD9100DB539F /* Products */;
			projectDirPath = "";
			projectRoot = "";
			targets = (
				4A8E1C1A26A3BD9100DB539F /* PersonalProfile */,
			);
		};
/* End PBXProject section */

/* Begin PBXResourcesBuildPhase section */
		4A8E1C1926A3BD9100DB539F /* Resources */ = {
			isa = PBXResourcesBuildPhase;
			buildActionMask = 2147483647;
			files = (
				4A8E1C3326A3BFC700DB539F /* Person.json in Resources */,
				4A454B0C26AF40A300DE4C7A /* NameAndPhotoCell.xib in Resources */,
				4A8E1C2B26A3BD9400DB539F /* LaunchScreen.storyboard in Resources */,
				4A454B1426AF489E00DE4C7A /* EmailCell.xib in Resources */,
				4A8E1C2826A3BD9400DB539F /* Assets.xcassets in Resources */,
				4A454B1026AF476600DE4C7A /* AttributeCell.xib in Resources */,
				4A8E1C2626A3BD9100DB539F /* Main.storyboard in Resources */,
				4A9C765B26B04D5E00FF130A /* ProfileSectionHeader.xib in Resources */,
				4A9C765726AF97FA00FF130A /* FriendCell.xib in Resources */,
			);
			runOnlyForDeploymentPostprocessing = 0;
		};
/* End PBXResourcesBuildPhase section */

/* Begin PBXSourcesBuildPhase section */
		4A8E1C1726A3BD9100DB539F /* Sources */ = {
			isa = PBXSourcesBuildPhase;
			buildActionMask = 2147483647;
			files = (
				4A454B0F26AF476600DE4C7A /* AttributeCell.swift in Sources */,
				4A7F09F326A4739F00F45792 /* ProfileViewModel.swift in Sources */,
				4A8E1C2326A3BD9100DB539F /* ViewController.swift in Sources */,
				4A8E1C3726A41EB000DB539F /* DataManager.swift in Sources */,
				4A454B1326AF489E00DE4C7A /* EmailCell.swift in Sources */,
				4A8E1C3526A3C17200DB539F /* Profile.swift in Sources */,
				4A8E1C1F26A3BD9100DB539F /* AppDelegate.swift in Sources */,
				4A8E1C2126A3BD9100DB539F /* SceneDelegate.swift in Sources */,
				4A9C765926B04C2000FF130A /* ProfileSectionHeader.swift in Sources */,
				4A454B0B26AF40A300DE4C7A /* NameAndPhotoCell.swift in Sources */,
				4A9C765626AF97FA00FF130A /* FriendCell.swift in Sources */,
			);
			runOnlyForDeploymentPostprocessing = 0;
		};
/* End PBXSourcesBuildPhase section */

/* Begin PBXVariantGroup section */
		4A8E1C2426A3BD9100DB539F /* Main.storyboard */ = {
			isa = PBXVariantGroup;
			children = (
				4A8E1C2526A3BD9100DB539F /* Base */,
			);
			name = Main.storyboard;
			sourceTree = "<group>";
		};
		4A8E1C2926A3BD9400DB539F /* LaunchScreen.storyboard */ = {
			isa = PBXVariantGroup;
			children = (
				4A8E1C2A26A3BD9400DB539F /* Base */,
			);
			name = LaunchScreen.storyboard;
			sourceTree = "<group>";
		};
/* End PBXVariantGroup section */

/* Begin XCBuildConfiguration section */
		4A8E1C2D26A3BD9400DB539F /* Debug */ = {
			isa = XCBuildConfiguration;
			buildSettings = {
				ALWAYS_SEARCH_USER_PATHS = NO;
				CLANG_ANALYZER_NONNULL = YES;
				CLANG_ANALYZER_NUMBER_OBJECT_CONVERSION = YES_AGGRESSIVE;
				CLANG_CXX_LANGUAGE_STANDARD = "gnu++14";
				CLANG_CXX_LIBRARY = "libc++";
				CLANG_ENABLE_MODULES = YES;
				CLANG_ENABLE_OBJC_ARC = YES;
				CLANG_ENABLE_OBJC_WEAK = YES;
				CLANG_WARN_BLOCK_CAPTURE_AUTORELEASING = YES;
				CLANG_WARN_BOOL_CONVERSION = YES;
				CLANG_WARN_COMMA = YES;
				CLANG_WARN_CONSTANT_CONVERSION = YES;
				CLANG_WARN_DEPRECATED_OBJC_IMPLEMENTATIONS = YES;
				CLANG_WARN_DIRECT_OBJC_ISA_USAGE = YES_ERROR;
				CLANG_WARN_DOCUMENTATION_COMMENTS = YES;
				CLANG_WARN_EMPTY_BODY = YES;
				CLANG_WARN_ENUM_CONVERSION = YES;
				CLANG_WARN_INFINITE_RECURSION = YES;
				CLANG_WARN_INT_CONVERSION = YES;
				CLANG_WARN_NON_LITERAL_NULL_CONVERSION = YES;
				CLANG_WARN_OBJC_IMPLICIT_RETAIN_SELF = YES;
				CLANG_WARN_OBJC_LITERAL_CONVERSION = YES;
				CLANG_WARN_OBJC_ROOT_CLASS = YES_ERROR;
				CLANG_WARN_QUOTED_INCLUDE_IN_FRAMEWORK_HEADER = YES;
				CLANG_WARN_RANGE_LOOP_ANALYSIS = YES;
				CLANG_WARN_STRICT_PROTOTYPES = YES;
				CLANG_WARN_SUSPICIOUS_MOVE = YES;
				CLANG_WARN_UNGUARDED_AVAILABILITY = YES_AGGRESSIVE;
				CLANG_WARN_UNREACHABLE_CODE = YES;
				CLANG_WARN__DUPLICATE_METHOD_MATCH = YES;
				COPY_PHASE_STRIP = NO;
				DEBUG_INFORMATION_FORMAT = dwarf;
				ENABLE_STRICT_OBJC_MSGSEND = YES;
				ENABLE_TESTABILITY = YES;
				GCC_C_LANGUAGE_STANDARD = gnu11;
				GCC_DYNAMIC_NO_PIC = NO;
				GCC_NO_COMMON_BLOCKS = YES;
				GCC_OPTIMIZATION_LEVEL = 0;
				GCC_PREPROCESSOR_DEFINITIONS = (
					"DEBUG=1",
					"$(inherited)",
				);
				GCC_WARN_64_TO_32_BIT_CONVERSION = YES;
				GCC_WARN_ABOUT_RETURN_TYPE = YES_ERROR;
				GCC_WARN_UNDECLARED_SELECTOR = YES;
				GCC_WARN_UNINITIALIZED_AUTOS = YES_AGGRESSIVE;
				GCC_WARN_UNUSED_FUNCTION = YES;
				GCC_WARN_UNUSED_VARIABLE = YES;
				IPHONEOS_DEPLOYMENT_TARGET = 14.5;
				MTL_ENABLE_DEBUG_INFO = INCLUDE_SOURCE;
				MTL_FAST_MATH = YES;
				ONLY_ACTIVE_ARCH = YES;
				SDKROOT = iphoneos;
				SWIFT_ACTIVE_COMPILATION_CONDITIONS = DEBUG;
				SWIFT_OPTIMIZATION_LEVEL = "-Onone";
			};
			name = Debug;
		};
		4A8E1C2E26A3BD9400DB539F /* Release */ = {
			isa = XCBuildConfiguration;
			buildSettings = {
				ALWAYS_SEARCH_USER_PATHS = NO;
				CLANG_ANALYZER_NONNULL = YES;
				CLANG_ANALYZER_NUMBER_OBJECT_CONVERSION = YES_AGGRESSIVE;
				CLANG_CXX_LANGUAGE_STANDARD = "gnu++14";
				CLANG_CXX_LIBRARY = "libc++";
				CLANG_ENABLE_MODULES = YES;
				CLANG_ENABLE_OBJC_ARC = YES;
				CLANG_ENABLE_OBJC_WEAK = YES;
				CLANG_WARN_BLOCK_CAPTURE_AUTORELEASING = YES;
				CLANG_WARN_BOOL_CONVERSION = YES;
				CLANG_WARN_COMMA = YES;
				CLANG_WARN_CONSTANT_CONVERSION = YES;
				CLANG_WARN_DEPRECATED_OBJC_IMPLEMENTATIONS = YES;
				CLANG_WARN_DIRECT_OBJC_ISA_USAGE = YES_ERROR;
				CLANG_WARN_DOCUMENTATION_COMMENTS = YES;
				CLANG_WARN_EMPTY_BODY = YES;
				CLANG_WARN_ENUM_CONVERSION = YES;
				CLANG_WARN_INFINITE_RECURSION = YES;
				CLANG_WARN_INT_CONVERSION = YES;
				CLANG_WARN_NON_LITERAL_NULL_CONVERSION = YES;
				CLANG_WARN_OBJC_IMPLICIT_RETAIN_SELF = YES;
				CLANG_WARN_OBJC_LITERAL_CONVERSION = YES;
				CLANG_WARN_OBJC_ROOT_CLASS = YES_ERROR;
				CLANG_WARN_QUOTED_INCLUDE_IN_FRAMEWORK_HEADER = YES;
				CLANG_WARN_RANGE_LOOP_ANALYSIS = YES;
				CLANG_WARN_STRICT_PROTOTYPES = YES;
				CLANG_WARN_SUSPICIOUS_MOVE = YES;
				CLANG_WARN_UNGUARDED_AVAILABILITY = YES_AGGRESSIVE;
				CLANG_WARN_UNREACHABLE_CODE = YES;
				CLANG_WARN__DUPLICATE_METHOD_MATCH = YES;
				COPY_PHASE_STRIP = NO;
				DEBUG_INFORMATION_FORMAT = "dwarf-with-dsym";
				ENABLE_NS_ASSERTIONS = NO;
				ENABLE_STRICT_OBJC_MSGSEND = YES;
				GCC_C_LANGUAGE_STANDARD = gnu11;
				GCC_NO_COMMON_BLOCKS = YES;
				GCC_WARN_64_TO_32_BIT_CONVERSION = YES;
				GCC_WARN_ABOUT_RETURN_TYPE = YES_ERROR;
				GCC_WARN_UNDECLARED_SELECTOR = YES;
				GCC_WARN_UNINITIALIZED_AUTOS = YES_AGGRESSIVE;
				GCC_WARN_UNUSED_FUNCTION = YES;
				GCC_WARN_UNUSED_VARIABLE = YES;
				IPHONEOS_DEPLOYMENT_TARGET = 14.5;
				MTL_ENABLE_DEBUG_INFO = NO;
				MTL_FAST_MATH = YES;
				SDKROOT = iphoneos;
				SWIFT_COMPILATION_MODE = wholemodule;
				SWIFT_OPTIMIZATION_LEVEL = "-O";
				VALIDATE_PRODUCT = YES;
			};
			name = Release;
		};
		4A8E1C3026A3BD9400DB539F /* Debug */ = {
			isa = XCBuildConfiguration;
			buildSettings = {
				ASSETCATALOG_COMPILER_APPICON_NAME = AppIcon;
				ASSETCATALOG_COMPILER_GLOBAL_ACCENT_COLOR_NAME = AccentColor;
				CODE_SIGN_STYLE = Automatic;
				DEVELOPMENT_TEAM = ZLW9FJF7JY;
				INFOPLIST_FILE = PersonalProfile/Info.plist;
				LD_RUNPATH_SEARCH_PATHS = (
					"$(inherited)",
					"@executable_path/Frameworks",
				);
				PRODUCT_BUNDLE_IDENTIFIER = Test.PersonalProfile;
				PRODUCT_NAME = "$(TARGET_NAME)";
				SWIFT_VERSION = 5.0;
				TARGETED_DEVICE_FAMILY = "1,2";
			};
			name = Debug;
		};
		4A8E1C3126A3BD9400DB539F /* Release */ = {
			isa = XCBuildConfiguration;
			buildSettings = {
				ASSETCATALOG_COMPILER_APPICON_NAME = AppIcon;
				ASSETCATALOG_COMPILER_GLOBAL_ACCENT_COLOR_NAME = AccentColor;
				CODE_SIGN_STYLE = Automatic;
				DEVELOPMENT_TEAM = ZLW9FJF7JY;
				INFOPLIST_FILE = PersonalProfile/Info.plist;
				LD_RUNPATH_SEARCH_PATHS = (
					"$(inherited)",
					"@executable_path/Frameworks",
				);
				PRODUCT_BUNDLE_IDENTIFIER = Test.PersonalProfile;
				PRODUCT_NAME = "$(TARGET_NAME)";
				SWIFT_VERSION = 5.0;
				TARGETED_DEVICE_FAMILY = "1,2";
			};
			name = Release;
		};
/* End XCBuildConfiguration section */

/* Begin XCConfigurationList section */
		4A8E1C1626A3BD9100DB539F /* Build configuration list for PBXProject "PersonalProfile" */ = {
			isa = XCConfigurationList;
			buildConfigurations = (
				4A8E1C2D26A3BD9400DB539F /* Debug */,
				4A8E1C2E26A3BD9400DB539F /* Release */,
			);
			defaultConfigurationIsVisible = 0;
			defaultConfigurationName = Release;
		};
		4A8E1C2F26A3BD9400DB539F /* Build configuration list for PBXNativeTarget "PersonalProfile" */ = {
			isa = XCConfigurationList;
			buildConfigurations = (
				4A8E1C3026A3BD9400DB539F /* Debug */,
				4A8E1C3126A3BD9400DB539F /* Release */,
			);
			defaultConfigurationIsVisible = 0;
			defaultConfigurationName = Release;
		};
/* End XCConfigurationList section */
	};
	rootObject = 4A8E1C1326A3BD9100DB539F /* Project object */;
}
